# This file is autogenerated, do not edit; changes may be undone by the next 'dep ensure'.


[[projects]]
  branch = "master"
  digest = "1:ef5623113e0a76e368e8e3db90af6463bea525341d551eddf99e7d73f4935891"
  name = "github.com/chromedp/cdproto"
  packages = [
    ".",
    "accessibility",
    "animation",
    "applicationcache",
    "audits",
    "backgroundservice",
    "browser",
    "cachestorage",
    "cast",
    "cdp",
    "css",
    "database",
    "debugger",
    "deviceorientation",
    "dom",
    "domdebugger",
    "domsnapshot",
    "domstorage",
    "emulation",
    "fetch",
    "headlessexperimental",
    "heapprofiler",
    "indexeddb",
    "input",
    "inspector",
    "io",
    "layertree",
    "log",
    "memory",
    "network",
    "overlay",
    "page",
    "performance",
    "profiler",
    "runtime",
    "security",
    "serviceworker",
    "storage",
    "systeminfo",
    "target",
    "testing",
    "tethering",
    "tracing",
  ]
  pruneopts = "UT"
  revision = "183f1739f584d91e43bfef7099bc33527314aa1b"

[[projects]]
  digest = "1:cfd47f2036ebcec975bd79962970afd38f0270505285ef0248ce38cb01ad0fe2"
  name = "github.com/chromedp/chromedp"
  packages = [
    ".",
    "client",
    "kb",
    "runner",
  ]
  pruneopts = "UT"
  revision = "4cc98907450234863eb7f74e545bb6def2352720"
  version = "v0.1.3"

[[projects]]
  digest = "1:47cebe27e59e4e0c239d0bf2419d6a46f0364a56efc43be702c32b82710b6ecf"
  name = "github.com/disintegration/imaging"
  packages = ["."]
  pruneopts = "UT"
  revision = "5362c131d56305ce787e79a5b94ffc956df00d62"
  version = "v1.6.0"

[[projects]]
  digest = "1:7b5c6e2eeaa9ae5907c391a91c132abfd5c9e8a784a341b5625e750c67e6825d"
  name = "github.com/gorilla/websocket"
  packages = ["."]
  pruneopts = "UT"
  revision = "66b9c49e59c6c48f0ffce28c2d8b8a5678502c6d"
  version = "v1.4.0"

[[projects]]
  digest = "1:fb8730b82b0ca9011831673e71a31f0a2334c887bea7bb1054a10a81d26d91d4"
  name = "github.com/gortc/sdp"
  packages = ["."]
  pruneopts = "UT"
  revision = "175db6a768aa52c6a90485ea1d2fd5cf8468aee9"
  version = "v0.12.5"

[[projects]]
  digest = "1:c9f7b05f5ad2ce345b188ba59a08e87b93b392adc6df9e99f65b4ae262257a1a"
  name = "github.com/gortc/stun"
  packages = [
    ".",
    "internal/hmac",
  ]
  pruneopts = "UT"
  revision = "ce5eeedaab2f9936d65ecf767dfc6cd060565e28"
  version = "v1.18.5"

[[projects]]
  digest = "1:b727140997993a29c318c421ed1e559744c17ea6756af67ce608237730144f5a"
  name = "github.com/gortc/turn"
  packages = ["."]
  pruneopts = "UT"
  revision = "ab450b60e25e0b0188a9337b18e8e144b910e845"
  version = "v0.6.7"

[[projects]]
  branch = "master"
  digest = "1:957b15d94d4771a424b6ccb959214fe8caafb7d791d0f588ac572b7cdc894457"
  name = "github.com/knq/snaker"
  packages = ["."]
  pruneopts = "UT"
  revision = "2bc8a4db468777180ca38d551094b83073bed25f"

[[projects]]
  branch = "master"
  digest = "1:8cb15b21828b36ad568850d0ecb9340e22b148c8c6755f4a3d7918021bfc38a2"
  name = "github.com/knq/sysutil"
  packages = ["."]
  pruneopts = "UT"
  revision = "f05b59f0f3075ba1bc5701ef0df4393a05ebd0e7"

[[projects]]
  branch = "master"
  digest = "1:b8774f0cf1c719f5253e92f1fc7880b4186046064c3c23ead99ab568028a6510"
  name = "github.com/mailru/easyjson"
  packages = [
    ".",
    "buffer",
    "jlexer",
    "jwriter",
  ]
  pruneopts = "UT"
  revision = "1de009706dbeb9d05f18586f0735fcdb7c524481"

[[projects]]
  digest = "1:40e195917a951a8bf867cd05de2a46aaf1806c50cf92eebf4c16f78cd196f747"
  name = "github.com/pkg/errors"
  packages = ["."]
  pruneopts = "UT"
  revision = "645ef00459ed84a119197bfb8d8205042c6df63d"
  version = "v0.8.0"

[[projects]]
  digest = "1:3c1a69cdae3501bf75e76d0d86dc6f2b0a7421bc205c0cb7b96b19eed464a34d"
  name = "go.uber.org/atomic"
  packages = ["."]
  pruneopts = "UT"
  revision = "1ea20fb1cbb1cc08cbd0d913a96dead89aa18289"
  version = "v1.3.2"

[[projects]]
  digest = "1:60bf2a5e347af463c42ed31a493d817f8a72f102543060ed992754e689805d1a"
  name = "go.uber.org/multierr"
  packages = ["."]
  pruneopts = "UT"
  revision = "3c4937480c32f4c13a875a1829af76c98ca3d40a"
  version = "v1.1.0"

[[projects]]
  digest = "1:c52caf7bd44f92e54627a31b85baf06a68333a196b3d8d241480a774733dcf8b"
  name = "go.uber.org/zap"
  packages = [
    ".",
    "buffer",
    "internal/bufferpool",
    "internal/color",
    "internal/exit",
    "zapcore",
  ]
  pruneopts = "UT"
  revision = "ff33455a0e382e8a81d14dd7c922020b6b5e7982"
  version = "v1.9.1"

[[projects]]
  branch = "master"
  digest = "1:acadbbf02e5c744709c60ac929e63258a69a3404ab36ed0c1a245cc28f056220"
  name = "golang.org/x/image"
  packages = [
    "bmp",
    "tiff",
    "tiff/lzw",
  ]
  pruneopts = "UT"
  revision = "0694c2d4d067f97ebef574d63a763ee8ab559da7"

[[projects]]
  branch = "master"
  digest = "1:7427036b6d926b3d1fa0773771820735b35554a98296f1074df440ee30a97296"
  name = "golang.org/x/net"
  packages = ["websocket"]
  pruneopts = "UT"
  revision = "9f648a60d9775ef5c977e7669d1673a7a67bef33"

[solve-meta]
  analyzer-name = "dep"
  analyzer-version = 1
  input-imports = [
    "github.com/chromedp/chromedp",
    "github.com/chromedp/chromedp/runner",
    "github.com/gorilla/websocket",
    "github.com/gortc/sdp",
    "github.com/gortc/stun",
    "github.com/gortc/turn",
    "github.com/pkg/errors",
    "go.uber.org/zap",
    "golang.org/x/net/websocket",
  ]
  solver-name = "gps-cdcl"
  solver-version = 1
